
Microsoft Visual Studio Solution File, Format Version 12.00
# Visual Studio Version 17
VisualStudioVersion = 17.3.32929.385
MinimumVisualStudioVersion = 10.0.40219.1
Project("{9A19103F-16F7-4668-BE54-9A1E7A4F7556}") = "Store.Core", "Store.Core\Store.Core.csproj", "{46D18AA1-CA1D-4BC9-8D43-214CEB81C4A7}"
EndProject
Project("{9A19103F-16F7-4668-BE54-9A1E7A4F7556}") = "Store.Application", "Store.Application\Store.Application.csproj", "{F9468349-CD02-42E0-BFA8-A181207E8951}"
EndProject
Project("{2150E333-8FDC-42A3-9474-1A3956D46DE8}") = "Modules", "Modules", "{574FB598-E916-4D9B-BC85-BD8A1D8A04A8}"
EndProject
Project("{9A19103F-16F7-4668-BE54-9A1E7A4F7556}") = "Store.Domain", "Store.Domain\Store.Domain.csproj", "{DCFD38BD-3417-4B9A-9FE4-FB8B54CEEC0D}"
EndProject
Project("{9A19103F-16F7-4668-BE54-9A1E7A4F7556}") = "Store.Extensions", "Store.Extensions\Store.Extensions.csproj", "{8090D479-2F8A-4E2F-A575-4F5DEE865DC3}"
EndProject
Project("{9A19103F-16F7-4668-BE54-9A1E7A4F7556}") = "Store.Modules.Customers", "Store.Modules\Store.Modules.Customer\Store.Modules.Customers.csproj", "{FBADFE99-76A0-43F2-A2ED-ED29FB67B57C}"
EndProject
Project("{9A19103F-16F7-4668-BE54-9A1E7A4F7556}") = "Store.Infrastructure", "Store.Infrastructure\Store.Infrastructure.csproj", "{0A9E0067-82EF-48A8-AA88-47125D896637}"
EndProject
Project("{2150E333-8FDC-42A3-9474-1A3956D46DE8}") = "Solution Items", "Solution Items", "{E7812C34-29AA-4928-BF43-9BEB34836A45}"
	ProjectSection(SolutionItems) = preProject
		.editorconfig = .editorconfig
	EndProjectSection
EndProject
Project("{9A19103F-16F7-4668-BE54-9A1E7A4F7556}") = "Store.Experimentals", "Store.Experimentals\Store.Experimentals.csproj", "{A3E0C68A-96EB-4A50-93A0-35862D2DF798}"
EndProject
Project("{9A19103F-16F7-4668-BE54-9A1E7A4F7556}") = "Store.Services", "Store.Services\Store.Services.csproj", "{37270FC6-6D15-42A7-AD72-5E212564E576}"
EndProject
Global
	GlobalSection(SolutionConfigurationPlatforms) = preSolution
		Debug|Any CPU = Debug|Any CPU
		Release|Any CPU = Release|Any CPU
	EndGlobalSection
	GlobalSection(ProjectConfigurationPlatforms) = postSolution
		{46D18AA1-CA1D-4BC9-8D43-214CEB81C4A7}.Debug|Any CPU.ActiveCfg = Debug|Any CPU
		{46D18AA1-CA1D-4BC9-8D43-214CEB81C4A7}.Debug|Any CPU.Build.0 = Debug|Any CPU
		{46D18AA1-CA1D-4BC9-8D43-214CEB81C4A7}.Release|Any CPU.ActiveCfg = Release|Any CPU
		{46D18AA1-CA1D-4BC9-8D43-214CEB81C4A7}.Release|Any CPU.Build.0 = Release|Any CPU
		{F9468349-CD02-42E0-BFA8-A181207E8951}.Debug|Any CPU.ActiveCfg = Debug|Any CPU
		{F9468349-CD02-42E0-BFA8-A181207E8951}.Debug|Any CPU.Build.0 = Debug|Any CPU
		{F9468349-CD02-42E0-BFA8-A181207E8951}.Release|Any CPU.ActiveCfg = Release|Any CPU
		{F9468349-CD02-42E0-BFA8-A181207E8951}.Release|Any CPU.Build.0 = Release|Any CPU
		{DCFD38BD-3417-4B9A-9FE4-FB8B54CEEC0D}.Debug|Any CPU.ActiveCfg = Debug|Any CPU
		{DCFD38BD-3417-4B9A-9FE4-FB8B54CEEC0D}.Debug|Any CPU.Build.0 = Debug|Any CPU
		{DCFD38BD-3417-4B9A-9FE4-FB8B54CEEC0D}.Release|Any CPU.ActiveCfg = Release|Any CPU
		{DCFD38BD-3417-4B9A-9FE4-FB8B54CEEC0D}.Release|Any CPU.Build.0 = Release|Any CPU
		{8090D479-2F8A-4E2F-A575-4F5DEE865DC3}.Debug|Any CPU.ActiveCfg = Debug|Any CPU
		{8090D479-2F8A-4E2F-A575-4F5DEE865DC3}.Debug|Any CPU.Build.0 = Debug|Any CPU
		{8090D479-2F8A-4E2F-A575-4F5DEE865DC3}.Release|Any CPU.ActiveCfg = Release|Any CPU
		{8090D479-2F8A-4E2F-A575-4F5DEE865DC3}.Release|Any CPU.Build.0 = Release|Any CPU
		{FBADFE99-76A0-43F2-A2ED-ED29FB67B57C}.Debug|Any CPU.ActiveCfg = Debug|Any CPU
		{FBADFE99-76A0-43F2-A2ED-ED29FB67B57C}.Debug|Any CPU.Build.0 = Debug|Any CPU
		{FBADFE99-76A0-43F2-A2ED-ED29FB67B57C}.Release|Any CPU.ActiveCfg = Release|Any CPU
		{FBADFE99-76A0-43F2-A2ED-ED29FB67B57C}.Release|Any CPU.Build.0 = Release|Any CPU
		{0A9E0067-82EF-48A8-AA88-47125D896637}.Debug|Any CPU.ActiveCfg = Debug|Any CPU
		{0A9E0067-82EF-48A8-AA88-47125D896637}.Debug|Any CPU.Build.0 = Debug|Any CPU
		{0A9E0067-82EF-48A8-AA88-47125D896637}.Release|Any CPU.ActiveCfg = Release|Any CPU
		{0A9E0067-82EF-48A8-AA88-47125D896637}.Release|Any CPU.Build.0 = Release|Any CPU
		{A3E0C68A-96EB-4A50-93A0-35862D2DF798}.Debug|Any CPU.ActiveCfg = Debug|Any CPU
		{A3E0C68A-96EB-4A50-93A0-35862D2DF798}.Debug|Any CPU.Build.0 = Debug|Any CPU
		{A3E0C68A-96EB-4A50-93A0-35862D2DF798}.Release|Any CPU.ActiveCfg = Release|Any CPU
		{A3E0C68A-96EB-4A50-93A0-35862D2DF798}.Release|Any CPU.Build.0 = Release|Any CPU
		{37270FC6-6D15-42A7-AD72-5E212564E576}.Debug|Any CPU.ActiveCfg = Debug|Any CPU
		{37270FC6-6D15-42A7-AD72-5E212564E576}.Debug|Any CPU.Build.0 = Debug|Any CPU
		{37270FC6-6D15-42A7-AD72-5E212564E576}.Release|Any CPU.ActiveCfg = Release|Any CPU
		{37270FC6-6D15-42A7-AD72-5E212564E576}.Release|Any CPU.Build.0 = Release|Any CPU
	EndGlobalSection
	GlobalSection(SolutionProperties) = preSolution
		HideSolutionNode = FALSE
	EndGlobalSection
	GlobalSection(NestedProjects) = preSolution
		{FBADFE99-76A0-43F2-A2ED-ED29FB67B57C} = {574FB598-E916-4D9B-BC85-BD8A1D8A04A8}
	EndGlobalSection
	GlobalSection(ExtensibilityGlobals) = postSolution
		SolutionGuid = {FD4E0C8E-114A-4EBD-97BA-FCB36C3263AE}
	EndGlobalSection
EndGlobal
